
Microsoft Visual Studio Solution File, Format Version 12.00
# Visual Studio Version 17
VisualStudioVersion = 17.9.34714.143
MinimumVisualStudioVersion = 10.0.40219.1
Project("{FAE04EC0-301F-11D3-BF4B-00C04F79EFBC}") = "WebApi", "WebApi\WebApi.csproj", "{B734C43D-E3A1-4546-A6AB-95D3621A4258}"
EndProject
Global
	GlobalSection(SolutionConfigurationPlatforms) = preSolution
		Debug|Any CPU = Debug|Any CPU
		Release|Any CPU = Release|Any CPU
	EndGlobalSection
	GlobalSection(ProjectConfigurationPlatforms) = postSolution
		{B734C43D-E3A1-4546-A6AB-95D3621A4258}.Debug|Any CPU.ActiveCfg = Debug|Any CPU
		{B734C43D-E3A1-4546-A6AB-95D3621A4258}.Debug|Any CPU.Build.0 = Debug|Any CPU
		{B734C43D-E3A1-4546-A6AB-95D3621A4258}.Release|Any CPU.ActiveCfg = Release|Any CPU
		{B734C43D-E3A1-4546-A6AB-95D3621A4258}.Release|Any CPU.Build.0 = Release|Any CPU
	EndGlobalSection
	GlobalSection(SolutionProperties) = preSolution
		HideSolutionNode = FALSE
	EndGlobalSection
	GlobalSection(ExtensibilityGlobals) = postSolution
		SolutionGuid = {649CD70A-8049-4271-8E26-BFC055E7FE31}
	EndGlobalSection
EndGlobal
